
Microsoft Visual Studio Solution File, Format Version 12.00
# Visual Studio Version 16
VisualStudioVersion = 16.0.29709.97
MinimumVisualStudioVersion = 10.0.40219.1
Project("{FAE04EC0-301F-11D3-BF4B-00C04F79EFBC}") = "Recursion", "Recursion\Recursion.csproj", "{7DC8DD1D-0437-4A7D-80FC-835DF30BC980}"
EndProject
Project("{FAE04EC0-301F-11D3-BF4B-00C04F79EFBC}") = "RecEx1", "RecEx1\RecEx1.csproj", "{3458389D-74AD-42F1-AD4B-8DE3B333A0BA}"
EndProject
Project("{FAE04EC0-301F-11D3-BF4B-00C04F79EFBC}") = "RecEx2", "RecEx2\RecEx2.csproj", "{691AE538-BE3E-4639-80B1-195D4C45BBED}"
EndProject
Project("{FAE04EC0-301F-11D3-BF4B-00C04F79EFBC}") = "RecEx3", "RecEx3\RecEx3.csproj", "{B95A34F9-350F-43F9-A0DA-453D156FF6F3}"
EndProject
Global
	GlobalSection(SolutionConfigurationPlatforms) = preSolution
		Debug|Any CPU = Debug|Any CPU
		Release|Any CPU = Release|Any CPU
	EndGlobalSection
	GlobalSection(ProjectConfigurationPlatforms) = postSolution
		{7DC8DD1D-0437-4A7D-80FC-835DF30BC980}.Debug|Any CPU.ActiveCfg = Debug|Any CPU
		{7DC8DD1D-0437-4A7D-80FC-835DF30BC980}.Debug|Any CPU.Build.0 = Debug|Any CPU
		{7DC8DD1D-0437-4A7D-80FC-835DF30BC980}.Release|Any CPU.ActiveCfg = Release|Any CPU
		{7DC8DD1D-0437-4A7D-80FC-835DF30BC980}.Release|Any CPU.Build.0 = Release|Any CPU
		{3458389D-74AD-42F1-AD4B-8DE3B333A0BA}.Debug|Any CPU.ActiveCfg = Debug|Any CPU
		{3458389D-74AD-42F1-AD4B-8DE3B333A0BA}.Debug|Any CPU.Build.0 = Debug|Any CPU
		{3458389D-74AD-42F1-AD4B-8DE3B333A0BA}.Release|Any CPU.ActiveCfg = Release|Any CPU
		{3458389D-74AD-42F1-AD4B-8DE3B333A0BA}.Release|Any CPU.Build.0 = Release|Any CPU
		{691AE538-BE3E-4639-80B1-195D4C45BBED}.Debug|Any CPU.ActiveCfg = Debug|Any CPU
		{691AE538-BE3E-4639-80B1-195D4C45BBED}.Debug|Any CPU.Build.0 = Debug|Any CPU
		{691AE538-BE3E-4639-80B1-195D4C45BBED}.Release|Any CPU.ActiveCfg = Release|Any CPU
		{691AE538-BE3E-4639-80B1-195D4C45BBED}.Release|Any CPU.Build.0 = Release|Any CPU
		{B95A34F9-350F-43F9-A0DA-453D156FF6F3}.Debug|Any CPU.ActiveCfg = Debug|Any CPU
		{B95A34F9-350F-43F9-A0DA-453D156FF6F3}.Debug|Any CPU.Build.0 = Debug|Any CPU
		{B95A34F9-350F-43F9-A0DA-453D156FF6F3}.Release|Any CPU.ActiveCfg = Release|Any CPU
		{B95A34F9-350F-43F9-A0DA-453D156FF6F3}.Release|Any CPU.Build.0 = Release|Any CPU
	EndGlobalSection
	GlobalSection(SolutionProperties) = preSolution
		HideSolutionNode = FALSE
	EndGlobalSection
	GlobalSection(ExtensibilityGlobals) = postSolution
		SolutionGuid = {3C82E4BF-50A4-479D-B8B7-988A3DCBD6C9}
	EndGlobalSection
EndGlobal
